
Microsoft Visual Studio Solution File, Format Version 12.00
# Visual Studio Version 16
VisualStudioVersion = 16.0.30907.101
MinimumVisualStudioVersion = 10.0.40219.1
Project("{9A19103F-16F7-4668-BE54-9A1E7A4F7556}") = "Arrays", "Arrays\Arrays.csproj", "{4E95DD7D-8AC8-4D32-884D-ECCB1FE8212A}"
EndProject
Project("{9A19103F-16F7-4668-BE54-9A1E7A4F7556}") = "Variables", "Variables\Variables.csproj", "{BF00B9F1-4405-4D96-A056-87D548895753}"
EndProject
Project("{9A19103F-16F7-4668-BE54-9A1E7A4F7556}") = "Loops", "Loops\Loops.csproj", "{CD0EE22A-EA2B-4341-88F2-68174A19FDB6}"
EndProject
Project("{9A19103F-16F7-4668-BE54-9A1E7A4F7556}") = "Methods", "Methods\Methods.csproj", "{F43B4AA7-44E5-424C-B1A9-FAC0C07B153E}"
EndProject
Project("{9A19103F-16F7-4668-BE54-9A1E7A4F7556}") = "Structures", "Structures\Structures.csproj", "{AF2DB466-5392-45F7-842A-240CB9543F0A}"
EndProject
Project("{9A19103F-16F7-4668-BE54-9A1E7A4F7556}") = "Collections", "Collections\Collections.csproj", "{1722F088-FE8A-4D21-AB6D-40F14F5CF37F}"
EndProject
Global
	GlobalSection(SolutionConfigurationPlatforms) = preSolution
		Debug|Any CPU = Debug|Any CPU
		Release|Any CPU = Release|Any CPU
	EndGlobalSection
	GlobalSection(ProjectConfigurationPlatforms) = postSolution
		{4E95DD7D-8AC8-4D32-884D-ECCB1FE8212A}.Debug|Any CPU.ActiveCfg = Debug|Any CPU
		{4E95DD7D-8AC8-4D32-884D-ECCB1FE8212A}.Debug|Any CPU.Build.0 = Debug|Any CPU
		{4E95DD7D-8AC8-4D32-884D-ECCB1FE8212A}.Release|Any CPU.ActiveCfg = Release|Any CPU
		{4E95DD7D-8AC8-4D32-884D-ECCB1FE8212A}.Release|Any CPU.Build.0 = Release|Any CPU
		{BF00B9F1-4405-4D96-A056-87D548895753}.Debug|Any CPU.ActiveCfg = Debug|Any CPU
		{BF00B9F1-4405-4D96-A056-87D548895753}.Debug|Any CPU.Build.0 = Debug|Any CPU
		{BF00B9F1-4405-4D96-A056-87D548895753}.Release|Any CPU.ActiveCfg = Release|Any CPU
		{BF00B9F1-4405-4D96-A056-87D548895753}.Release|Any CPU.Build.0 = Release|Any CPU
		{CD0EE22A-EA2B-4341-88F2-68174A19FDB6}.Debug|Any CPU.ActiveCfg = Debug|Any CPU
		{CD0EE22A-EA2B-4341-88F2-68174A19FDB6}.Debug|Any CPU.Build.0 = Debug|Any CPU
		{CD0EE22A-EA2B-4341-88F2-68174A19FDB6}.Release|Any CPU.ActiveCfg = Release|Any CPU
		{CD0EE22A-EA2B-4341-88F2-68174A19FDB6}.Release|Any CPU.Build.0 = Release|Any CPU
		{F43B4AA7-44E5-424C-B1A9-FAC0C07B153E}.Debug|Any CPU.ActiveCfg = Debug|Any CPU
		{F43B4AA7-44E5-424C-B1A9-FAC0C07B153E}.Debug|Any CPU.Build.0 = Debug|Any CPU
		{F43B4AA7-44E5-424C-B1A9-FAC0C07B153E}.Release|Any CPU.ActiveCfg = Release|Any CPU
		{F43B4AA7-44E5-424C-B1A9-FAC0C07B153E}.Release|Any CPU.Build.0 = Release|Any CPU
		{AF2DB466-5392-45F7-842A-240CB9543F0A}.Debug|Any CPU.ActiveCfg = Debug|Any CPU
		{AF2DB466-5392-45F7-842A-240CB9543F0A}.Debug|Any CPU.Build.0 = Debug|Any CPU
		{AF2DB466-5392-45F7-842A-240CB9543F0A}.Release|Any CPU.ActiveCfg = Release|Any CPU
		{AF2DB466-5392-45F7-842A-240CB9543F0A}.Release|Any CPU.Build.0 = Release|Any CPU
		{1722F088-FE8A-4D21-AB6D-40F14F5CF37F}.Debug|Any CPU.ActiveCfg = Debug|Any CPU
		{1722F088-FE8A-4D21-AB6D-40F14F5CF37F}.Debug|Any CPU.Build.0 = Debug|Any CPU
		{1722F088-FE8A-4D21-AB6D-40F14F5CF37F}.Release|Any CPU.ActiveCfg = Release|Any CPU
		{1722F088-FE8A-4D21-AB6D-40F14F5CF37F}.Release|Any CPU.Build.0 = Release|Any CPU
	EndGlobalSection
	GlobalSection(SolutionProperties) = preSolution
		HideSolutionNode = FALSE
	EndGlobalSection
	GlobalSection(ExtensibilityGlobals) = postSolution
		SolutionGuid = {262DEF84-EBBD-40E9-8F3B-85D24F648EBD}
	EndGlobalSection
EndGlobal
